{
  "version": 4,
  "terraform_version": "1.8.2",
  "serial": 253,
  "lineage": "014e63c1-182e-712c-90ef-88ad19fa01c6",
  "outputs": {
    "cluster_arn": {
      "value": "arn:aws:eks:us-east-1:165220828225:cluster/my-eks-cluster",
      "type": "string"
    },
    "cluster_endpoint": {
      "value": "https://DD73256E5B5CC369E628DEB2902C1EA8.gr7.us-east-1.eks.amazonaws.com",
      "type": "string"
    },
    "cluster_name": {
      "value": "my-eks-cluster",
      "type": "string"
    }
  },
  "resources": [
    {
      "mode": "data",
      "type": "aws_caller_identity",
      "name": "current",
      "provider": "provider[\"registry.terraform.io/hashicorp/aws\"]",
      "instances": [
        {
          "schema_version": 0,
          "attributes": {
            "account_id": "165220828225",
            "arn": "arn:aws:iam::165220828225:root",
            "id": "165220828225",
            "user_id": "165220828225"
          },
          "sensitive_attributes": []
        }
      ]
    },
    {
      "mode": "data",
      "type": "aws_eks_addon_version",
      "name": "latest",
      "provider": "provider[\"registry.terraform.io/hashicorp/aws\"]",
      "instances": [
        {
          "index_key": "coredns",
          "schema_version": 0,
          "attributes": {
            "addon_name": "coredns",
            "id": "coredns",
            "kubernetes_version": "1.33",
            "most_recent": false,
            "version": "v1.12.1-eksbuild.2"
          },
          "sensitive_attributes": []
        },
        {
          "index_key": "kube-proxy",
          "schema_version": 0,
          "attributes": {
            "addon_name": "kube-proxy",
            "id": "kube-proxy",
            "kubernetes_version": "1.33",
            "most_recent": false,
            "version": "v1.33.3-eksbuild.4"
          },
          "sensitive_attributes": []
        },
        {
          "index_key": "vpc-cni",
          "schema_version": 0,
          "attributes": {
            "addon_name": "vpc-cni",
            "id": "vpc-cni",
            "kubernetes_version": "1.33",
            "most_recent": false,
            "version": "v1.20.4-eksbuild.1"
          },
          "sensitive_attributes": []
        }
      ]
    },
    {
      "mode": "data",
      "type": "aws_eks_cluster",
      "name": "main",
      "provider": "provider[\"registry.terraform.io/hashicorp/aws\"]",
      "instances": [
        {
          "schema_version": 0,
          "attributes": {
            "access_config": [
              {
                "authentication_mode": "CONFIG_MAP",
                "bootstrap_cluster_creator_admin_permissions": true
              }
            ],
            "arn": "arn:aws:eks:us-east-1:165220828225:cluster/my-eks-cluster",
            "certificate_authority": [
              {
                "data": "LS0tLS1CRUdJTiBDRVJUSUZJQ0FURS0tLS0tCk1JSURCVENDQWUyZ0F3SUJBZ0lJTkFpeWhOalZOT0V3RFFZSktvWklodmNOQVFFTEJRQXdGVEVUTUJFR0ExVUUKQXhNS2EzVmlaWEp1WlhSbGN6QWVGdzB5TlRFeE1EWXdNelUyTVRCYUZ3MHpOVEV4TURRd05EQXhNVEJhTUJVeApFekFSQmdOVkJBTVRDbXQxWW1WeWJtVjBaWE13Z2dFaU1BMEdDU3FHU0liM0RRRUJBUVVBQTRJQkR3QXdnZ0VLCkFvSUJBUUNvQkhKdnM3eTdLNmRhcEphZXJOMDZXcEdIclNuRUt1ck9NbzJKQUFESGtpSFJvMktWaWpwLzh0bG4KUFR5eU9CWW01R0ZjMWFMUFdPMFZ0Q0VzOWVRM00ySDVaZDd6RTFnejNuSTBYY09kMWJMcEFMWXM0UkdpUkVlSApwMDNtNklOcEs5eHRqSDF2a0NKWEhKcVpRdGpTYmZZRnhEWGpscVRGVG11M0VHaU9GeW1wMTFYbmJ0SFQ3NHg1CmpncXFNcXErK21MbGsxVVVPRURmVmRlblFBRThmT1pqd2E3d3BkYXlpdGozZ3RLL0o0ZzFMdkZEWCsrRkpZRGkKelhueXdtY24yNFRPdGkvOE9ENXU4L0ViTE43SC9lOStCUzF1cEg2NU5qZHNWOEJvL1J4aitDVHEvd3pRRG9oQgpkczE1Q3JPdlo0VzlUbEFSU0hOZlNyTjZGcGZOQWdNQkFBR2pXVEJYTUE0R0ExVWREd0VCL3dRRUF3SUNwREFQCkJnTlZIUk1CQWY4RUJUQURBUUgvTUIwR0ExVWREZ1FXQkJRQWVHRWZiM0JYUHg4SzIwSHJZQUZQNnBDQVBqQVYKQmdOVkhSRUVEakFNZ2dwcmRXSmxjbTVsZEdWek1BMEdDU3FHU0liM0RRRUJDd1VBQTRJQkFRQmJjY1FMQlV0MAo3b3ltSC9ydmxwMWtjUWNtT2d5UGlSREkxM3gzcUQveFY0bmdCL1QxYWN2U0VPV0hZcUs4NURaY2ZLMDIzZkFSCmdHYnM4aldWaVlqVmV5V2VZTjNWcytOUTZ4cVVhc09xTWZLT0x4bFVvcXQ1Sld2NnovTVJiZzVyZmU0YjNWRS8KdHIyRDlvU3lGbTcxR3Fyb1EvK3U0SW5mY2dXVlAwN2JWMW9xTXpaSlNrUU1jQjFQR2lXRWhvVDZDMGpXcWNFKwozQllFazZMREl2Kys5T2ZCaWxkRUFmMlNpQjI0NkxDWm9CNllJWjBjUDZRS3lBVU91K1RlZ0JFbExINHp3MjBpClphSFZDQzdFeTd1MW4rUVAyNWV5R2M4ZWxzVXZ4YUhVMnFObVJ2TDVIeXcwcVNIZEo1Rlg1UHhMZUphWUtNQXMKdGo4WDRxcEhkNDlBCi0tLS0tRU5EIENFUlRJRklDQVRFLS0tLS0K"
              }
            ],
            "cluster_id": null,
            "compute_config": [],
            "created_at": "2025-11-06T03:54:40Z",
            "enabled_cluster_log_types": [],
            "endpoint": "https://DD73256E5B5CC369E628DEB2902C1EA8.gr7.us-east-1.eks.amazonaws.com",
            "id": "my-eks-cluster",
            "identity": [
              {
                "oidc": [
                  {
                    "issuer": "https://oidc.eks.us-east-1.amazonaws.com/id/DD73256E5B5CC369E628DEB2902C1EA8"
                  }
                ]
              }
            ],
            "kubernetes_network_config": [
              {
                "elastic_load_balancing": [
                  {
                    "enabled": false
                  }
                ],
                "ip_family": "ipv4",
                "service_ipv4_cidr": "10.100.0.0/16",
                "service_ipv6_cidr": ""
              }
            ],
            "name": "my-eks-cluster",
            "outpost_config": [],
            "platform_version": "eks.21",
            "remote_network_config": [],
            "role_arn": "arn:aws:iam::165220828225:role/eks-cluster-role-20251106035433234300000004",
            "status": "ACTIVE",
            "storage_config": [],
            "tags": {
              "Environment": "dev",
              "ManagedBy": "Terraform",
              "Name": "my-eks-cluster"
            },
            "upgrade_policy": [
              {
                "support_type": "EXTENDED"
              }
            ],
            "version": "1.33",
            "vpc_config": [
              {
                "cluster_security_group_id": "sg-084fa8042ee2f91dc",
                "endpoint_private_access": false,
                "endpoint_public_access": true,
                "public_access_cidrs": [
                  "0.0.0.0/0"
                ],
                "security_group_ids": [
                  "sg-091fff2d4a3406b0e"
                ],
                "subnet_ids": [
                  "subnet-011695495410a00e5",
                  "subnet-01867ef1fc7055191",
                  "subnet-02806bbd0e42f3ff4",
                  "subnet-04b7ba2fee6212c88",
                  "subnet-099f2e0d6bede6fa2"
                ],
                "vpc_id": "vpc-0f1074e15190e4869"
              }
            ],
            "zonal_shift_config": []
          },
          "sensitive_attributes": []
        }
      ]
    },
    {
      "mode": "data",
      "type": "aws_eks_cluster_auth",
      "name": "main",
      "provider": "provider[\"registry.terraform.io/hashicorp/aws\"]",
      "instances": [
        {
          "schema_version": 0,
          "attributes": {
            "id": "my-eks-cluster",
            "name": "my-eks-cluster",
            "token": "k8s-aws-v1.aHR0cHM6Ly9zdHMudXMtZWFzdC0xLmFtYXpvbmF3cy5jb20vP0FjdGlvbj1HZXRDYWxsZXJJZGVudGl0eSZWZXJzaW9uPTIwMTEtMDYtMTUmWC1BbXotQWxnb3JpdGhtPUFXUzQtSE1BQy1TSEEyNTYmWC1BbXotQ3JlZGVudGlhbD1BS0lBU001N05ZUkEzVlI2QklNNCUyRjIwMjUxMTA2JTJGdXMtZWFzdC0xJTJGc3RzJTJGYXdzNF9yZXF1ZXN0JlgtQW16LURhdGU9MjAyNTExMDZUMDUyMzI4WiZYLUFtei1FeHBpcmVzPTAmWC1BbXotU2lnbmVkSGVhZGVycz1ob3N0JTNCeC1rOHMtYXdzLWlkJlgtQW16LVNpZ25hdHVyZT0yMmZiMjA1YmYwZDg3YjMxZTFlZTE4YmYzZTE0OWIxZGM1NDYxMWIzNjk2ZGMwZjI3YzUxM2Y1NTc3NmZiMmY5"
          },
          "sensitive_attributes": [
            [
              {
                "type": "get_attr",
                "value": "token"
              }
            ]
          ]
        }
      ]
    },
    {
      "mode": "data",
      "type": "aws_security_group",
      "name": "default",
      "provider": "provider[\"registry.terraform.io/hashicorp/aws\"]",
      "instances": [
        {
          "schema_version": 0,
          "attributes": {
            "arn": "arn:aws:ec2:us-east-1:165220828225:security-group/sg-091fff2d4a3406b0e",
            "description": "default VPC security group",
            "filter": [
              {
                "name": "group-name",
                "values": [
                  "default"
                ]
              }
            ],
            "id": "sg-091fff2d4a3406b0e",
            "name": "default",
            "tags": {},
            "timeouts": null,
            "vpc_id": "vpc-0f1074e15190e4869"
          },
          "sensitive_attributes": []
        }
      ]
    },
    {
      "mode": "data",
      "type": "aws_subnet",
      "name": "all",
      "provider": "provider[\"registry.terraform.io/hashicorp/aws\"]",
      "instances": [
        {
          "index_key": "subnet-011695495410a00e5",
          "schema_version": 0,
          "attributes": {
            "arn": "arn:aws:ec2:us-east-1:165220828225:subnet/subnet-011695495410a00e5",
            "assign_ipv6_address_on_creation": false,
            "availability_zone": "us-east-1f",
            "availability_zone_id": "use1-az5",
            "available_ip_address_count": 4091,
            "cidr_block": "172.31.64.0/20",
            "customer_owned_ipv4_pool": "",
            "default_for_az": true,
            "enable_dns64": false,
            "enable_lni_at_device_index": 0,
            "enable_resource_name_dns_a_record_on_launch": false,
            "enable_resource_name_dns_aaaa_record_on_launch": false,
            "filter": null,
            "id": "subnet-011695495410a00e5",
            "ipv6_cidr_block": "",
            "ipv6_cidr_block_association_id": "",
            "ipv6_native": false,
            "map_customer_owned_ip_on_launch": false,
            "map_public_ip_on_launch": true,
            "outpost_arn": "",
            "owner_id": "165220828225",
            "private_dns_hostname_type_on_launch": "ip-name",
            "state": "available",
            "tags": {},
            "timeouts": null,
            "vpc_id": "vpc-0f1074e15190e4869"
          },
          "sensitive_attributes": []
        },
        {
          "index_key": "subnet-01867ef1fc7055191",
          "schema_version": 0,
          "attributes": {
            "arn": "arn:aws:ec2:us-east-1:165220828225:subnet/subnet-01867ef1fc7055191",
            "assign_ipv6_address_on_creation": false,
            "availability_zone": "us-east-1c",
            "availability_zone_id": "use1-az4",
            "available_ip_address_count": 4078,
            "cidr_block": "172.31.16.0/20",
            "customer_owned_ipv4_pool": "",
            "default_for_az": true,
            "enable_dns64": false,
            "enable_lni_at_device_index": 0,
            "enable_resource_name_dns_a_record_on_launch": false,
            "enable_resource_name_dns_aaaa_record_on_launch": false,
            "filter": null,
            "id": "subnet-01867ef1fc7055191",
            "ipv6_cidr_block": "",
            "ipv6_cidr_block_association_id": "",
            "ipv6_native": false,
            "map_customer_owned_ip_on_launch": false,
            "map_public_ip_on_launch": true,
            "outpost_arn": "",
            "owner_id": "165220828225",
            "private_dns_hostname_type_on_launch": "ip-name",
            "state": "available",
            "tags": {},
            "timeouts": null,
            "vpc_id": "vpc-0f1074e15190e4869"
          },
          "sensitive_attributes": []
        },
        {
          "index_key": "subnet-02806bbd0e42f3ff4",
          "schema_version": 0,
          "attributes": {
            "arn": "arn:aws:ec2:us-east-1:165220828225:subnet/subnet-02806bbd0e42f3ff4",
            "assign_ipv6_address_on_creation": false,
            "availability_zone": "us-east-1d",
            "availability_zone_id": "use1-az6",
            "available_ip_address_count": 4090,
            "cidr_block": "172.31.32.0/20",
            "customer_owned_ipv4_pool": "",
            "default_for_az": true,
            "enable_dns64": false,
            "enable_lni_at_device_index": 0,
            "enable_resource_name_dns_a_record_on_launch": false,
            "enable_resource_name_dns_aaaa_record_on_launch": false,
            "filter": null,
            "id": "subnet-02806bbd0e42f3ff4",
            "ipv6_cidr_block": "",
            "ipv6_cidr_block_association_id": "",
            "ipv6_native": false,
            "map_customer_owned_ip_on_launch": false,
            "map_public_ip_on_launch": true,
            "outpost_arn": "",
            "owner_id": "165220828225",
            "private_dns_hostname_type_on_launch": "ip-name",
            "state": "available",
            "tags": {},
            "timeouts": null,
            "vpc_id": "vpc-0f1074e15190e4869"
          },
          "sensitive_attributes": []
        },
        {
          "index_key": "subnet-04b7ba2fee6212c88",
          "schema_version": 0,
          "attributes": {
            "arn": "arn:aws:ec2:us-east-1:165220828225:subnet/subnet-04b7ba2fee6212c88",
            "assign_ipv6_address_on_creation": false,
            "availability_zone": "us-east-1a",
            "availability_zone_id": "use1-az1",
            "available_ip_address_count": 4078,
            "cidr_block": "172.31.0.0/20",
            "customer_owned_ipv4_pool": "",
            "default_for_az": true,
            "enable_dns64": false,
            "enable_lni_at_device_index": 0,
            "enable_resource_name_dns_a_record_on_launch": false,
            "enable_resource_name_dns_aaaa_record_on_launch": false,
            "filter": null,
            "id": "subnet-04b7ba2fee6212c88",
            "ipv6_cidr_block": "",
            "ipv6_cidr_block_association_id": "",
            "ipv6_native": false,
            "map_customer_owned_ip_on_launch": false,
            "map_public_ip_on_launch": true,
            "outpost_arn": "",
            "owner_id": "165220828225",
            "private_dns_hostname_type_on_launch": "ip-name",
            "state": "available",
            "tags": {},
            "timeouts": null,
            "vpc_id": "vpc-0f1074e15190e4869"
          },
          "sensitive_attributes": []
        },
        {
          "index_key": "subnet-04df64e535889ea1f",
          "schema_version": 0,
          "attributes": {
            "arn": "arn:aws:ec2:us-east-1:165220828225:subnet/subnet-04df64e535889ea1f",
            "assign_ipv6_address_on_creation": false,
            "availability_zone": "us-east-1e",
            "availability_zone_id": "use1-az3",
            "available_ip_address_count": 4091,
            "cidr_block": "172.31.48.0/20",
            "customer_owned_ipv4_pool": "",
            "default_for_az": true,
            "enable_dns64": false,
            "enable_lni_at_device_index": 0,
            "enable_resource_name_dns_a_record_on_launch": false,
            "enable_resource_name_dns_aaaa_record_on_launch": false,
            "filter": null,
            "id": "subnet-04df64e535889ea1f",
            "ipv6_cidr_block": "",
            "ipv6_cidr_block_association_id": "",
            "ipv6_native": false,
            "map_customer_owned_ip_on_launch": false,
            "map_public_ip_on_launch": true,
            "outpost_arn": "",
            "owner_id": "165220828225",
            "private_dns_hostname_type_on_launch": "ip-name",
            "state": "available",
            "tags": {},
            "timeouts": null,
            "vpc_id": "vpc-0f1074e15190e4869"
          },
          "sensitive_attributes": []
        },
        {
          "index_key": "subnet-099f2e0d6bede6fa2",
          "schema_version": 0,
          "attributes": {
            "arn": "arn:aws:ec2:us-east-1:165220828225:subnet/subnet-099f2e0d6bede6fa2",
            "assign_ipv6_address_on_creation": false,
            "availability_zone": "us-east-1b",
            "availability_zone_id": "use1-az2",
            "available_ip_address_count": 4090,
            "cidr_block": "172.31.80.0/20",
            "customer_owned_ipv4_pool": "",
            "default_for_az": true,
            "enable_dns64": false,
            "enable_lni_at_device_index": 0,
            "enable_resource_name_dns_a_record_on_launch": false,
            "enable_resource_name_dns_aaaa_record_on_launch": false,
            "filter": null,
            "id": "subnet-099f2e0d6bede6fa2",
            "ipv6_cidr_block": "",
            "ipv6_cidr_block_association_id": "",
            "ipv6_native": false,
            "map_customer_owned_ip_on_launch": false,
            "map_public_ip_on_launch": true,
            "outpost_arn": "",
            "owner_id": "165220828225",
            "private_dns_hostname_type_on_launch": "ip-name",
            "state": "available",
            "tags": {},
            "timeouts": null,
            "vpc_id": "vpc-0f1074e15190e4869"
          },
          "sensitive_attributes": []
        }
      ]
    },
    {
      "mode": "data",
      "type": "aws_subnets",
      "name": "default",
      "provider": "provider[\"registry.terraform.io/hashicorp/aws\"]",
      "instances": [
        {
          "schema_version": 0,
          "attributes": {
            "filter": [
              {
                "name": "vpc-id",
                "values": [
                  "vpc-0f1074e15190e4869"
                ]
              }
            ],
            "id": "us-east-1",
            "ids": [
              "subnet-099f2e0d6bede6fa2",
              "subnet-04df64e535889ea1f",
              "subnet-01867ef1fc7055191",
              "subnet-011695495410a00e5",
              "subnet-02806bbd0e42f3ff4",
              "subnet-04b7ba2fee6212c88"
            ],
            "tags": null,
            "timeouts": null
          },
          "sensitive_attributes": []
        }
      ]
    },
    {
      "mode": "data",
      "type": "aws_vpc",
      "name": "default",
      "provider": "provider[\"registry.terraform.io/hashicorp/aws\"]",
      "instances": [
        {
          "schema_version": 0,
          "attributes": {
            "arn": "arn:aws:ec2:us-east-1:165220828225:vpc/vpc-0f1074e15190e4869",
            "cidr_block": "172.31.0.0/16",
            "cidr_block_associations": [
              {
                "association_id": "vpc-cidr-assoc-01144bd06df476aa2",
                "cidr_block": "172.31.0.0/16",
                "state": "associated"
              }
            ],
            "default": true,
            "dhcp_options_id": "dopt-010d9f74a5c99bf2d",
            "enable_dns_hostnames": true,
            "enable_dns_support": true,
            "enable_network_address_usage_metrics": false,
            "filter": null,
            "id": "vpc-0f1074e15190e4869",
            "instance_tenancy": "default",
            "ipv6_association_id": "",
            "ipv6_cidr_block": "",
            "main_route_table_id": "rtb-091ebc6e07f6989f3",
            "owner_id": "165220828225",
            "state": null,
            "tags": {},
            "timeouts": null
          },
          "sensitive_attributes": []
        }
      ]
    },
    {
      "mode": "managed",
      "type": "aws_eks_addon",
      "name": "addons",
      "provider": "provider[\"registry.terraform.io/hashicorp/aws\"]",
      "instances": [
        {
          "index_key": "coredns",
          "schema_version": 0,
          "attributes": {
            "addon_name": "coredns",
            "addon_version": "v1.12.1-eksbuild.2",
            "arn": "arn:aws:eks:us-east-1:165220828225:addon/my-eks-cluster/coredns/3ccd2bab-2e0a-1158-fec2-d65f34d4458d",
            "cluster_name": "my-eks-cluster",
            "configuration_values": "",
            "created_at": "2025-11-06T04:04:28Z",
            "id": "my-eks-cluster:coredns",
            "modified_at": "2025-11-06T04:10:31Z",
            "pod_identity_association": [],
            "preserve": null,
            "resolve_conflicts": null,
            "resolve_conflicts_on_create": null,
            "resolve_conflicts_on_update": null,
            "service_account_role_arn": "",
            "tags": {},
            "tags_all": {},
            "timeouts": null
          },
          "sensitive_attributes": [],
          "private": "eyJlMmJmYjczMC1lY2FhLTExZTYtOGY4OC0zNDM2M2JjN2M0YzAiOnsiY3JlYXRlIjoxMjAwMDAwMDAwMDAwLCJkZWxldGUiOjI0MDAwMDAwMDAwMDAsInVwZGF0ZSI6MTIwMDAwMDAwMDAwMH19",
          "dependencies": [
            "aws_eks_cluster.main",
            "aws_iam_role.eks_cluster_role",
            "data.aws_eks_addon_version.latest",
            "data.aws_security_group.default",
            "data.aws_subnet.all",
            "data.aws_subnets.default",
            "data.aws_vpc.default"
          ]
        },
        {
          "index_key": "kube-proxy",
          "schema_version": 0,
          "attributes": {
            "addon_name": "kube-proxy",
            "addon_version": "v1.33.3-eksbuild.4",
            "arn": "arn:aws:eks:us-east-1:165220828225:addon/my-eks-cluster/kube-proxy/2ecd2bab-2e12-6bac-f45d-6a43ece98435",
            "cluster_name": "my-eks-cluster",
            "configuration_values": "",
            "created_at": "2025-11-06T04:04:29Z",
            "id": "my-eks-cluster:kube-proxy",
            "modified_at": "2025-11-06T04:05:16Z",
            "pod_identity_association": [],
            "preserve": null,
            "resolve_conflicts": null,
            "resolve_conflicts_on_create": null,
            "resolve_conflicts_on_update": null,
            "service_account_role_arn": "",
            "tags": {},
            "tags_all": {},
            "timeouts": null
          },
          "sensitive_attributes": [],
          "private": "eyJlMmJmYjczMC1lY2FhLTExZTYtOGY4OC0zNDM2M2JjN2M0YzAiOnsiY3JlYXRlIjoxMjAwMDAwMDAwMDAwLCJkZWxldGUiOjI0MDAwMDAwMDAwMDAsInVwZGF0ZSI6MTIwMDAwMDAwMDAwMH19",
          "dependencies": [
            "aws_eks_cluster.main",
            "aws_iam_role.eks_cluster_role",
            "data.aws_eks_addon_version.latest",
            "data.aws_security_group.default",
            "data.aws_subnet.all",
            "data.aws_subnets.default",
            "data.aws_vpc.default"
          ]
        },
        {
          "index_key": "vpc-cni",
          "schema_version": 0,
          "attributes": {
            "addon_name": "vpc-cni",
            "addon_version": "v1.20.4-eksbuild.1",
            "arn": "arn:aws:eks:us-east-1:165220828225:addon/my-eks-cluster/vpc-cni/8ccd2bab-2e05-f769-f8b6-99659ea8d367",
            "cluster_name": "my-eks-cluster",
            "configuration_values": "",
            "created_at": "2025-11-06T04:04:29Z",
            "id": "my-eks-cluster:vpc-cni",
            "modified_at": "2025-11-06T04:05:18Z",
            "pod_identity_association": [],
            "preserve": null,
            "resolve_conflicts": null,
            "resolve_conflicts_on_create": null,
            "resolve_conflicts_on_update": null,
            "service_account_role_arn": "",
            "tags": {},
            "tags_all": {},
            "timeouts": null
          },
          "sensitive_attributes": [],
          "private": "eyJlMmJmYjczMC1lY2FhLTExZTYtOGY4OC0zNDM2M2JjN2M0YzAiOnsiY3JlYXRlIjoxMjAwMDAwMDAwMDAwLCJkZWxldGUiOjI0MDAwMDAwMDAwMDAsInVwZGF0ZSI6MTIwMDAwMDAwMDAwMH19",
          "dependencies": [
            "aws_eks_cluster.main",
            "aws_iam_role.eks_cluster_role",
            "data.aws_eks_addon_version.latest",
            "data.aws_security_group.default",
            "data.aws_subnet.all",
            "data.aws_subnets.default",
            "data.aws_vpc.default"
          ]
        }
      ]
    },
    {
      "mode": "managed",
      "type": "aws_eks_cluster",
      "name": "main",
      "provider": "provider[\"registry.terraform.io/hashicorp/aws\"]",
      "instances": [
        {
          "schema_version": 1,
          "attributes": {
            "access_config": [
              {
                "authentication_mode": "CONFIG_MAP",
                "bootstrap_cluster_creator_admin_permissions": true
              }
            ],
            "arn": "arn:aws:eks:us-east-1:165220828225:cluster/my-eks-cluster",
            "bootstrap_self_managed_addons": true,
            "certificate_authority": [
              {
                "data": "LS0tLS1CRUdJTiBDRVJUSUZJQ0FURS0tLS0tCk1JSURCVENDQWUyZ0F3SUJBZ0lJTkFpeWhOalZOT0V3RFFZSktvWklodmNOQVFFTEJRQXdGVEVUTUJFR0ExVUUKQXhNS2EzVmlaWEp1WlhSbGN6QWVGdzB5TlRFeE1EWXdNelUyTVRCYUZ3MHpOVEV4TURRd05EQXhNVEJhTUJVeApFekFSQmdOVkJBTVRDbXQxWW1WeWJtVjBaWE13Z2dFaU1BMEdDU3FHU0liM0RRRUJBUVVBQTRJQkR3QXdnZ0VLCkFvSUJBUUNvQkhKdnM3eTdLNmRhcEphZXJOMDZXcEdIclNuRUt1ck9NbzJKQUFESGtpSFJvMktWaWpwLzh0bG4KUFR5eU9CWW01R0ZjMWFMUFdPMFZ0Q0VzOWVRM00ySDVaZDd6RTFnejNuSTBYY09kMWJMcEFMWXM0UkdpUkVlSApwMDNtNklOcEs5eHRqSDF2a0NKWEhKcVpRdGpTYmZZRnhEWGpscVRGVG11M0VHaU9GeW1wMTFYbmJ0SFQ3NHg1CmpncXFNcXErK21MbGsxVVVPRURmVmRlblFBRThmT1pqd2E3d3BkYXlpdGozZ3RLL0o0ZzFMdkZEWCsrRkpZRGkKelhueXdtY24yNFRPdGkvOE9ENXU4L0ViTE43SC9lOStCUzF1cEg2NU5qZHNWOEJvL1J4aitDVHEvd3pRRG9oQgpkczE1Q3JPdlo0VzlUbEFSU0hOZlNyTjZGcGZOQWdNQkFBR2pXVEJYTUE0R0ExVWREd0VCL3dRRUF3SUNwREFQCkJnTlZIUk1CQWY4RUJUQURBUUgvTUIwR0ExVWREZ1FXQkJRQWVHRWZiM0JYUHg4SzIwSHJZQUZQNnBDQVBqQVYKQmdOVkhSRUVEakFNZ2dwcmRXSmxjbTVsZEdWek1BMEdDU3FHU0liM0RRRUJDd1VBQTRJQkFRQmJjY1FMQlV0MAo3b3ltSC9ydmxwMWtjUWNtT2d5UGlSREkxM3gzcUQveFY0bmdCL1QxYWN2U0VPV0hZcUs4NURaY2ZLMDIzZkFSCmdHYnM4aldWaVlqVmV5V2VZTjNWcytOUTZ4cVVhc09xTWZLT0x4bFVvcXQ1Sld2NnovTVJiZzVyZmU0YjNWRS8KdHIyRDlvU3lGbTcxR3Fyb1EvK3U0SW5mY2dXVlAwN2JWMW9xTXpaSlNrUU1jQjFQR2lXRWhvVDZDMGpXcWNFKwozQllFazZMREl2Kys5T2ZCaWxkRUFmMlNpQjI0NkxDWm9CNllJWjBjUDZRS3lBVU91K1RlZ0JFbExINHp3MjBpClphSFZDQzdFeTd1MW4rUVAyNWV5R2M4ZWxzVXZ4YUhVMnFObVJ2TDVIeXcwcVNIZEo1Rlg1UHhMZUphWUtNQXMKdGo4WDRxcEhkNDlBCi0tLS0tRU5EIENFUlRJRklDQVRFLS0tLS0K"
              }
            ],
            "cluster_id": null,
            "compute_config": [],
            "created_at": "2025-11-06T03:54:40Z",
            "enabled_cluster_log_types": [],
            "encryption_config": [],
            "endpoint": "https://DD73256E5B5CC369E628DEB2902C1EA8.gr7.us-east-1.eks.amazonaws.com",
            "force_update_version": null,
            "id": "my-eks-cluster",
            "identity": [
              {
                "oidc": [
                  {
                    "issuer": "https://oidc.eks.us-east-1.amazonaws.com/id/DD73256E5B5CC369E628DEB2902C1EA8"
                  }
                ]
              }
            ],
            "kubernetes_network_config": [
              {
                "elastic_load_balancing": [
                  {
                    "enabled": false
                  }
                ],
                "ip_family": "ipv4",
                "service_ipv4_cidr": "10.100.0.0/16",
                "service_ipv6_cidr": ""
              }
            ],
            "name": "my-eks-cluster",
            "outpost_config": [],
            "platform_version": "eks.21",
            "remote_network_config": [],
            "role_arn": "arn:aws:iam::165220828225:role/eks-cluster-role-20251106035433234300000004",
            "status": "ACTIVE",
            "storage_config": [],
            "tags": {
              "Environment": "dev",
              "ManagedBy": "Terraform",
              "Name": "my-eks-cluster"
            },
            "tags_all": {
              "Environment": "dev",
              "ManagedBy": "Terraform",
              "Name": "my-eks-cluster"
            },
            "timeouts": null,
            "upgrade_policy": [
              {
                "support_type": "EXTENDED"
              }
            ],
            "version": "1.33",
            "vpc_config": [
              {
                "cluster_security_group_id": "sg-084fa8042ee2f91dc",
                "endpoint_private_access": false,
                "endpoint_public_access": true,
                "public_access_cidrs": [
                  "0.0.0.0/0"
                ],
                "security_group_ids": [
                  "sg-091fff2d4a3406b0e"
                ],
                "subnet_ids": [
                  "subnet-011695495410a00e5",
                  "subnet-01867ef1fc7055191",
                  "subnet-02806bbd0e42f3ff4",
                  "subnet-04b7ba2fee6212c88",
                  "subnet-099f2e0d6bede6fa2"
                ],
                "vpc_id": "vpc-0f1074e15190e4869"
              }
            ],
            "zonal_shift_config": []
          },
          "sensitive_attributes": [],
          "private": "eyJlMmJmYjczMC1lY2FhLTExZTYtOGY4OC0zNDM2M2JjN2M0YzAiOnsiY3JlYXRlIjoxODAwMDAwMDAwMDAwLCJkZWxldGUiOjkwMDAwMDAwMDAwMCwidXBkYXRlIjozNjAwMDAwMDAwMDAwfSwic2NoZW1hX3ZlcnNpb24iOiIxIn0=",
          "dependencies": [
            "aws_iam_role.eks_cluster_role",
            "data.aws_security_group.default",
            "data.aws_subnet.all",
            "data.aws_subnets.default",
            "data.aws_vpc.default"
          ]
        }
      ]
    },
    {
      "mode": "managed",
      "type": "aws_eks_node_group",
      "name": "default",
      "provider": "provider[\"registry.terraform.io/hashicorp/aws\"]",
      "instances": [
        {
          "schema_version": 0,
          "attributes": {
            "ami_type": "AL2023_x86_64_STANDARD",
            "arn": "arn:aws:eks:us-east-1:165220828225:nodegroup/my-eks-cluster/my-node-group/e8cd2bab-2c82-b056-1159-6a4ad11ec84f",
            "capacity_type": "ON_DEMAND",
            "cluster_name": "my-eks-cluster",
            "disk_size": 20,
            "force_update_version": null,
            "id": "my-eks-cluster:my-node-group",
            "instance_types": [
              "t3.medium"
            ],
            "labels": {},
            "launch_template": [],
            "node_group_name": "my-node-group",
            "node_group_name_prefix": "",
            "node_repair_config": [],
            "node_role_arn": "arn:aws:iam::165220828225:role/eks-node-role-20251106035433234300000003",
            "release_version": "1.33.5-20251103",
            "remote_access": [],
            "resources": [
              {
                "autoscaling_groups": [
                  {
                    "name": "eks-my-node-group-e8cd2bab-2c82-b056-1159-6a4ad11ec84f"
                  }
                ],
                "remote_access_security_group_id": ""
              }
            ],
            "scaling_config": [
              {
                "desired_size": 2,
                "max_size": 3,
                "min_size": 1
              }
            ],
            "status": "ACTIVE",
            "subnet_ids": [
              "subnet-011695495410a00e5",
              "subnet-01867ef1fc7055191",
              "subnet-02806bbd0e42f3ff4",
              "subnet-04b7ba2fee6212c88",
              "subnet-099f2e0d6bede6fa2"
            ],
            "tags": {
              "Environment": "dev",
              "ManagedBy": "Terraform",
              "Name": "my-node-group"
            },
            "tags_all": {
              "Environment": "dev",
              "ManagedBy": "Terraform",
              "Name": "my-node-group"
            },
            "taint": [],
            "timeouts": null,
            "update_config": [
              {
                "max_unavailable": 1,
                "max_unavailable_percentage": 0
              }
            ],
            "version": "1.33"
          },
          "sensitive_attributes": [],
          "private": "eyJlMmJmYjczMC1lY2FhLTExZTYtOGY4OC0zNDM2M2JjN2M0YzAiOnsiY3JlYXRlIjozNjAwMDAwMDAwMDAwLCJkZWxldGUiOjM2MDAwMDAwMDAwMDAsInVwZGF0ZSI6MzYwMDAwMDAwMDAwMH19",
          "dependencies": [
            "aws_eks_cluster.main",
            "aws_iam_role.eks_cluster_role",
            "aws_iam_role.eks_node_role",
            "data.aws_security_group.default",
            "data.aws_subnet.all",
            "data.aws_subnets.default",
            "data.aws_vpc.default"
          ]
        }
      ]
    },
    {
      "mode": "managed",
      "type": "aws_iam_instance_profile",
      "name": "karpenter_node_profile",
      "provider": "provider[\"registry.terraform.io/hashicorp/aws\"]",
      "instances": [
        {
          "schema_version": 0,
          "attributes": {
            "arn": "arn:aws:iam::165220828225:instance-profile/karpenter-node-instance-profile",
            "create_date": "2025-11-06T03:54:37Z",
            "id": "karpenter-node-instance-profile",
            "name": "karpenter-node-instance-profile",
            "name_prefix": "",
            "path": "/",
            "role": "karpenter-node-role-20251106035433234300000002",
            "tags": {},
            "tags_all": {},
            "unique_id": "AIPASM57NYRA7XA5N3GSI"
          },
          "sensitive_attributes": [],
          "private": "bnVsbA==",
          "dependencies": [
            "aws_iam_role.karpenter_node_role"
          ]
        }
      ]
    },
    {
      "mode": "managed",
      "type": "aws_iam_role",
      "name": "eks_cluster_role",
      "provider": "provider[\"registry.terraform.io/hashicorp/aws\"]",
      "instances": [
        {
          "schema_version": 0,
          "attributes": {
            "arn": "arn:aws:iam::165220828225:role/eks-cluster-role-20251106035433234300000004",
            "assume_role_policy": "{\"Statement\":[{\"Action\":\"sts:AssumeRole\",\"Effect\":\"Allow\",\"Principal\":{\"Service\":\"eks.amazonaws.com\"}}],\"Version\":\"2012-10-17\"}",
            "create_date": "2025-11-06T03:54:35Z",
            "description": "",
            "force_detach_policies": false,
            "id": "eks-cluster-role-20251106035433234300000004",
            "inline_policy": [],
            "managed_policy_arns": [
              "arn:aws:iam::aws:policy/AmazonEKSClusterPolicy",
              "arn:aws:iam::aws:policy/AmazonEKSServicePolicy",
              "arn:aws:iam::aws:policy/AmazonElasticFileSystemClientFullAccess",
              "arn:aws:iam::aws:policy/service-role/AmazonEBSCSIDriverPolicy",
              "arn:aws:iam::aws:policy/service-role/AmazonEFSCSIDriverPolicy"
            ],
            "max_session_duration": 3600,
            "name": "eks-cluster-role-20251106035433234300000004",
            "name_prefix": "eks-cluster-role-",
            "path": "/",
            "permissions_boundary": "",
            "tags": {
              "Environment": "dev",
              "ManagedBy": "Terraform"
            },
            "tags_all": {
              "Environment": "dev",
              "ManagedBy": "Terraform"
            },
            "unique_id": "AROASM57NYRA3CRM2IDXO"
          },
          "sensitive_attributes": [],
          "private": "bnVsbA=="
        }
      ]
    },
    {
      "mode": "managed",
      "type": "aws_iam_role",
      "name": "eks_node_role",
      "provider": "provider[\"registry.terraform.io/hashicorp/aws\"]",
      "instances": [
        {
          "schema_version": 0,
          "attributes": {
            "arn": "arn:aws:iam::165220828225:role/eks-node-role-20251106035433234300000003",
            "assume_role_policy": "{\"Statement\":[{\"Action\":\"sts:AssumeRole\",\"Effect\":\"Allow\",\"Principal\":{\"Service\":\"ec2.amazonaws.com\"}}],\"Version\":\"2012-10-17\"}",
            "create_date": "2025-11-06T03:54:35Z",
            "description": "",
            "force_detach_policies": false,
            "id": "eks-node-role-20251106035433234300000003",
            "inline_policy": [],
            "managed_policy_arns": [
              "arn:aws:iam::aws:policy/AmazonEC2ContainerRegistryReadOnly",
              "arn:aws:iam::aws:policy/AmazonEKSWorkerNodePolicy",
              "arn:aws:iam::aws:policy/AmazonEKS_CNI_Policy"
            ],
            "max_session_duration": 3600,
            "name": "eks-node-role-20251106035433234300000003",
            "name_prefix": "eks-node-role-",
            "path": "/",
            "permissions_boundary": "",
            "tags": {
              "Environment": "dev",
              "ManagedBy": "Terraform"
            },
            "tags_all": {
              "Environment": "dev",
              "ManagedBy": "Terraform"
            },
            "unique_id": "AROASM57NYRARRY4HVYTP"
          },
          "sensitive_attributes": [],
          "private": "bnVsbA=="
        }
      ]
    },
    {
      "mode": "managed",
      "type": "aws_iam_role",
      "name": "karpenter_controller_role",
      "provider": "provider[\"registry.terraform.io/hashicorp/aws\"]",
      "instances": [
        {
          "schema_version": 0,
          "attributes": {
            "arn": "arn:aws:iam::165220828225:role/karpenter-controller-role-20251106035433234300000001",
            "assume_role_policy": "{\"Statement\":[{\"Action\":\"sts:AssumeRole\",\"Effect\":\"Allow\",\"Principal\":{\"Service\":\"pods.eks.amazonaws.com\"}}],\"Version\":\"2012-10-17\"}",
            "create_date": "2025-11-06T03:54:35Z",
            "description": "",
            "force_detach_policies": false,
            "id": "karpenter-controller-role-20251106035433234300000001",
            "inline_policy": [],
            "managed_policy_arns": [
              "arn:aws:iam::aws:policy/AmazonEC2FullAccess",
              "arn:aws:iam::aws:policy/AmazonEKSClusterPolicy",
              "arn:aws:iam::aws:policy/AmazonEKSWorkerNodePolicy",
              "arn:aws:iam::aws:policy/AmazonSSMManagedInstanceCore"
            ],
            "max_session_duration": 3600,
            "name": "karpenter-controller-role-20251106035433234300000001",
            "name_prefix": "karpenter-controller-role-",
            "path": "/",
            "permissions_boundary": "",
            "tags": {
              "Environment": "dev",
              "ManagedBy": "Terraform"
            },
            "tags_all": {
              "Environment": "dev",
              "ManagedBy": "Terraform"
            },
            "unique_id": "AROASM57NYRAUF4D5WKRG"
          },
          "sensitive_attributes": [],
          "private": "bnVsbA=="
        }
      ]
    },
    {
      "mode": "managed",
      "type": "aws_iam_role",
      "name": "karpenter_node_role",
      "provider": "provider[\"registry.terraform.io/hashicorp/aws\"]",
      "instances": [
        {
          "schema_version": 0,
          "attributes": {
            "arn": "arn:aws:iam::165220828225:role/karpenter-node-role-20251106035433234300000002",
            "assume_role_policy": "{\"Statement\":[{\"Action\":\"sts:AssumeRole\",\"Effect\":\"Allow\",\"Principal\":{\"Service\":\"ec2.amazonaws.com\"}}],\"Version\":\"2012-10-17\"}",
            "create_date": "2025-11-06T03:54:35Z",
            "description": "",
            "force_detach_policies": false,
            "id": "karpenter-node-role-20251106035433234300000002",
            "inline_policy": [],
            "managed_policy_arns": [
              "arn:aws:iam::aws:policy/AmazonEC2ContainerRegistryReadOnly",
              "arn:aws:iam::aws:policy/AmazonEKSWorkerNodePolicy",
              "arn:aws:iam::aws:policy/AmazonEKS_CNI_Policy"
            ],
            "max_session_duration": 3600,
            "name": "karpenter-node-role-20251106035433234300000002",
            "name_prefix": "karpenter-node-role-",
            "path": "/",
            "permissions_boundary": "",
            "tags": {
              "Environment": "dev",
              "ManagedBy": "Terraform"
            },
            "tags_all": {
              "Environment": "dev",
              "ManagedBy": "Terraform"
            },
            "unique_id": "AROASM57NYRA7XEA764SN"
          },
          "sensitive_attributes": [],
          "private": "bnVsbA=="
        }
      ]
    },
    {
      "mode": "managed",
      "type": "aws_iam_role_policy_attachment",
      "name": "eks_cluster_policies",
      "provider": "provider[\"registry.terraform.io/hashicorp/aws\"]",
      "instances": [
        {
          "index_key": "arn:aws:iam::aws:policy/AmazonEKSClusterPolicy",
          "schema_version": 0,
          "attributes": {
            "id": "eks-cluster-role-20251106035433234300000004-2025110603543735870000000e",
            "policy_arn": "arn:aws:iam::aws:policy/AmazonEKSClusterPolicy",
            "role": "eks-cluster-role-20251106035433234300000004"
          },
          "sensitive_attributes": [],
          "private": "bnVsbA==",
          "dependencies": [
            "aws_iam_role.eks_cluster_role"
          ]
        },
        {
          "index_key": "arn:aws:iam::aws:policy/AmazonEKSServicePolicy",
          "schema_version": 0,
          "attributes": {
            "id": "eks-cluster-role-20251106035433234300000004-20251106035437363600000010",
            "policy_arn": "arn:aws:iam::aws:policy/AmazonEKSServicePolicy",
            "role": "eks-cluster-role-20251106035433234300000004"
          },
          "sensitive_attributes": [],
          "private": "bnVsbA==",
          "dependencies": [
            "aws_iam_role.eks_cluster_role"
          ]
        },
        {
          "index_key": "arn:aws:iam::aws:policy/AmazonElasticFileSystemClientFullAccess",
          "schema_version": 0,
          "attributes": {
            "id": "eks-cluster-role-20251106035433234300000004-2025110603543653990000000a",
            "policy_arn": "arn:aws:iam::aws:policy/AmazonElasticFileSystemClientFullAccess",
            "role": "eks-cluster-role-20251106035433234300000004"
          },
          "sensitive_attributes": [],
          "private": "bnVsbA==",
          "dependencies": [
            "aws_iam_role.eks_cluster_role"
          ]
        },
        {
          "index_key": "arn:aws:iam::aws:policy/service-role/AmazonEBSCSIDriverPolicy",
          "schema_version": 0,
          "attributes": {
            "id": "eks-cluster-role-20251106035433234300000004-2025110603543726290000000d",
            "policy_arn": "arn:aws:iam::aws:policy/service-role/AmazonEBSCSIDriverPolicy",
            "role": "eks-cluster-role-20251106035433234300000004"
          },
          "sensitive_attributes": [],
          "private": "bnVsbA==",
          "dependencies": [
            "aws_iam_role.eks_cluster_role"
          ]
        },
        {
          "index_key": "arn:aws:iam::aws:policy/service-role/AmazonEFSCSIDriverPolicy",
          "schema_version": 0,
          "attributes": {
            "id": "eks-cluster-role-20251106035433234300000004-20251106035436537400000009",
            "policy_arn": "arn:aws:iam::aws:policy/service-role/AmazonEFSCSIDriverPolicy",
            "role": "eks-cluster-role-20251106035433234300000004"
          },
          "sensitive_attributes": [],
          "private": "bnVsbA==",
          "dependencies": [
            "aws_iam_role.eks_cluster_role"
          ]
        }
      ]
    },
    {
      "mode": "managed",
      "type": "aws_iam_role_policy_attachment",
      "name": "eks_node_policies",
      "provider": "provider[\"registry.terraform.io/hashicorp/aws\"]",
      "instances": [
        {
          "index_key": "arn:aws:iam::aws:policy/AmazonEC2ContainerRegistryReadOnly",
          "schema_version": 0,
          "attributes": {
            "id": "eks-node-role-20251106035433234300000003-2025110603543680980000000c",
            "policy_arn": "arn:aws:iam::aws:policy/AmazonEC2ContainerRegistryReadOnly",
            "role": "eks-node-role-20251106035433234300000003"
          },
          "sensitive_attributes": [],
          "private": "bnVsbA==",
          "dependencies": [
            "aws_iam_role.eks_node_role"
          ]
        },
        {
          "index_key": "arn:aws:iam::aws:policy/AmazonEKSWorkerNodePolicy",
          "schema_version": 0,
          "attributes": {
            "id": "eks-node-role-20251106035433234300000003-20251106035436527300000008",
            "policy_arn": "arn:aws:iam::aws:policy/AmazonEKSWorkerNodePolicy",
            "role": "eks-node-role-20251106035433234300000003"
          },
          "sensitive_attributes": [],
          "private": "bnVsbA==",
          "dependencies": [
            "aws_iam_role.eks_node_role"
          ]
        },
        {
          "index_key": "arn:aws:iam::aws:policy/AmazonEKS_CNI_Policy",
          "schema_version": 0,
          "attributes": {
            "id": "eks-node-role-20251106035433234300000003-2025110603543677040000000b",
            "policy_arn": "arn:aws:iam::aws:policy/AmazonEKS_CNI_Policy",
            "role": "eks-node-role-20251106035433234300000003"
          },
          "sensitive_attributes": [],
          "private": "bnVsbA==",
          "dependencies": [
            "aws_iam_role.eks_node_role"
          ]
        }
      ]
    },
    {
      "mode": "managed",
      "type": "aws_iam_role_policy_attachment",
      "name": "karpenter_controller_policies",
      "provider": "provider[\"registry.terraform.io/hashicorp/aws\"]",
      "instances": [
        {
          "index_key": "arn:aws:iam::aws:policy/AmazonEC2FullAccess",
          "schema_version": 0,
          "attributes": {
            "id": "karpenter-controller-role-20251106035433234300000001-20251106035437576600000012",
            "policy_arn": "arn:aws:iam::aws:policy/AmazonEC2FullAccess",
            "role": "karpenter-controller-role-20251106035433234300000001"
          },
          "sensitive_attributes": [],
          "private": "bnVsbA==",
          "dependencies": [
            "aws_iam_role.karpenter_controller_role"
          ]
        },
        {
          "index_key": "arn:aws:iam::aws:policy/AmazonEKSClusterPolicy",
          "schema_version": 0,
          "attributes": {
            "id": "karpenter-controller-role-20251106035433234300000001-20251106035437581900000013",
            "policy_arn": "arn:aws:iam::aws:policy/AmazonEKSClusterPolicy",
            "role": "karpenter-controller-role-20251106035433234300000001"
          },
          "sensitive_attributes": [],
          "private": "bnVsbA==",
          "dependencies": [
            "aws_iam_role.karpenter_controller_role"
          ]
        },
        {
          "index_key": "arn:aws:iam::aws:policy/AmazonEKSWorkerNodePolicy",
          "schema_version": 0,
          "attributes": {
            "id": "karpenter-controller-role-20251106035433234300000001-2025110603543735960000000f",
            "policy_arn": "arn:aws:iam::aws:policy/AmazonEKSWorkerNodePolicy",
            "role": "karpenter-controller-role-20251106035433234300000001"
          },
          "sensitive_attributes": [],
          "private": "bnVsbA==",
          "dependencies": [
            "aws_iam_role.karpenter_controller_role"
          ]
        },
        {
          "index_key": "arn:aws:iam::aws:policy/AmazonSSMManagedInstanceCore",
          "schema_version": 0,
          "attributes": {
            "id": "karpenter-controller-role-20251106035433234300000001-20251106035437550600000011",
            "policy_arn": "arn:aws:iam::aws:policy/AmazonSSMManagedInstanceCore",
            "role": "karpenter-controller-role-20251106035433234300000001"
          },
          "sensitive_attributes": [],
          "private": "bnVsbA==",
          "dependencies": [
            "aws_iam_role.karpenter_controller_role"
          ]
        }
      ]
    },
    {
      "mode": "managed",
      "type": "aws_iam_role_policy_attachment",
      "name": "karpenter_node_policies",
      "provider": "provider[\"registry.terraform.io/hashicorp/aws\"]",
      "instances": [
        {
          "index_key": "arn:aws:iam::aws:policy/AmazonEC2ContainerRegistryReadOnly",
          "schema_version": 0,
          "attributes": {
            "id": "karpenter-node-role-20251106035433234300000002-20251106035436467500000005",
            "policy_arn": "arn:aws:iam::aws:policy/AmazonEC2ContainerRegistryReadOnly",
            "role": "karpenter-node-role-20251106035433234300000002"
          },
          "sensitive_attributes": [],
          "private": "bnVsbA==",
          "dependencies": [
            "aws_iam_role.karpenter_node_role"
          ]
        },
        {
          "index_key": "arn:aws:iam::aws:policy/AmazonEKSWorkerNodePolicy",
          "schema_version": 0,
          "attributes": {
            "id": "karpenter-node-role-20251106035433234300000002-20251106035436495600000006",
            "policy_arn": "arn:aws:iam::aws:policy/AmazonEKSWorkerNodePolicy",
            "role": "karpenter-node-role-20251106035433234300000002"
          },
          "sensitive_attributes": [],
          "private": "bnVsbA==",
          "dependencies": [
            "aws_iam_role.karpenter_node_role"
          ]
        },
        {
          "index_key": "arn:aws:iam::aws:policy/AmazonEKS_CNI_Policy",
          "schema_version": 0,
          "attributes": {
            "id": "karpenter-node-role-20251106035433234300000002-20251106035436500900000007",
            "policy_arn": "arn:aws:iam::aws:policy/AmazonEKS_CNI_Policy",
            "role": "karpenter-node-role-20251106035433234300000002"
          },
          "sensitive_attributes": [],
          "private": "bnVsbA==",
          "dependencies": [
            "aws_iam_role.karpenter_node_role"
          ]
        }
      ]
    },
    {
      "mode": "managed",
      "type": "helm_release",
      "name": "karpenter",
      "provider": "provider[\"registry.terraform.io/hashicorp/helm\"]",
      "instances": [
        {
          "schema_version": 1,
          "attributes": {
            "atomic": false,
            "chart": "karpenter",
            "cleanup_on_fail": false,
            "create_namespace": true,
            "dependency_update": false,
            "description": null,
            "devel": null,
            "disable_crd_hooks": false,
            "disable_openapi_validation": false,
            "disable_webhooks": false,
            "force_update": false,
            "id": "karpenter",
            "keyring": null,
            "lint": false,
            "manifest": null,
            "max_history": 0,
            "metadata": [
              {
                "app_version": "0.16.3",
                "chart": "karpenter",
                "first_deployed": 1762401882,
                "last_deployed": 1762401882,
                "name": "karpenter",
                "namespace": "karpenter",
                "notes": "",
                "revision": 1,
                "values": "{\"aws\":{\"defaultInstanceProfile\":\"karpenter-node-instance-profile\"},\"clusterEndpoint\":\"https://DD73256E5B5CC369E628DEB2902C1EA8.gr7.us-east-1.eks.amazonaws.com\",\"clusterName\":\"my-eks-cluster\",\"serviceAccount\":{\"annotations\":{\"eks.amazonaws.com/role-arn\":\"arn:aws:iam::165220828225:role/karpenter-controller-role-20251106035433234300000001\"}}}",
                "version": "0.16.3"
              }
            ],
            "name": "karpenter",
            "namespace": "karpenter",
            "pass_credentials": false,
            "postrender": [],
            "recreate_pods": false,
            "render_subchart_notes": true,
            "replace": false,
            "repository": "https://charts.karpenter.sh/",
            "repository_ca_file": null,
            "repository_cert_file": null,
            "repository_key_file": null,
            "repository_password": null,
            "repository_username": null,
            "reset_values": false,
            "reuse_values": false,
            "set": [
              {
                "name": "aws.defaultInstanceProfile",
                "type": "",
                "value": "karpenter-node-instance-profile"
              },
              {
                "name": "clusterEndpoint",
                "type": "",
                "value": "https://DD73256E5B5CC369E628DEB2902C1EA8.gr7.us-east-1.eks.amazonaws.com"
              },
              {
                "name": "clusterName",
                "type": "",
                "value": "my-eks-cluster"
              },
              {
                "name": "serviceAccount.annotations.eks\\.amazonaws\\.com/role-arn",
                "type": "",
                "value": "arn:aws:iam::165220828225:role/karpenter-controller-role-20251106035433234300000001"
              }
            ],
            "set_list": [],
            "set_sensitive": [],
            "skip_crds": false,
            "status": "deployed",
            "timeout": 300,
            "upgrade_install": null,
            "values": null,
            "verify": false,
            "version": "0.16.3",
            "wait": true,
            "wait_for_jobs": false
          },
          "sensitive_attributes": [
            [
              {
                "type": "get_attr",
                "value": "repository_password"
              }
            ]
          ],
          "private": "eyJzY2hlbWFfdmVyc2lvbiI6IjEifQ==",
          "dependencies": [
            "aws_eks_cluster.main",
            "aws_iam_instance_profile.karpenter_node_profile",
            "aws_iam_role.eks_cluster_role",
            "aws_iam_role.karpenter_controller_role",
            "aws_iam_role.karpenter_node_role",
            "data.aws_eks_cluster_auth.main",
            "data.aws_security_group.default",
            "data.aws_subnet.all",
            "data.aws_subnets.default",
            "data.aws_vpc.default"
          ]
        }
      ]
    },
    {
      "mode": "managed",
      "type": "helm_release",
      "name": "nginx_ingress",
      "provider": "provider[\"registry.terraform.io/hashicorp/helm\"]",
      "instances": [
        {
          "schema_version": 1,
          "attributes": {
            "atomic": false,
            "chart": "ingress-nginx",
            "cleanup_on_fail": false,
            "create_namespace": true,
            "dependency_update": false,
            "description": null,
            "devel": null,
            "disable_crd_hooks": false,
            "disable_openapi_validation": false,
            "disable_webhooks": false,
            "force_update": false,
            "id": "nginx-ingress",
            "keyring": null,
            "lint": false,
            "manifest": null,
            "max_history": 0,
            "metadata": [
              {
                "app_version": "1.11.3",
                "chart": "ingress-nginx",
                "first_deployed": 1762406637,
                "last_deployed": 1762406637,
                "name": "nginx-ingress",
                "namespace": "ingress-nginx",
                "notes": "The ingress-nginx controller has been installed.\nIt may take a few minutes for the load balancer IP to be available.\nYou can watch the status by running 'kubectl get service --namespace ingress-nginx nginx-ingress-ingress-nginx-controller --output wide --watch'\n\nAn example Ingress that makes use of the controller:\n  apiVersion: networking.k8s.io/v1\n  kind: Ingress\n  metadata:\n    name: example\n    namespace: foo\n  spec:\n    ingressClassName: nginx\n    rules:\n      - host: www.example.com\n        http:\n          paths:\n            - pathType: Prefix\n              backend:\n                service:\n                  name: exampleService\n                  port:\n                    number: 80\n              path: /\n    # This section is only required if TLS is to be enabled for the Ingress\n    tls:\n      - hosts:\n        - www.example.com\n        secretName: example-tls\n\nIf TLS is enabled for the Ingress, a Secret containing the certificate and key must also be provided:\n\n  apiVersion: v1\n  kind: Secret\n  metadata:\n    name: example-tls\n    namespace: foo\n  data:\n    tls.crt: \u003cbase64 encoded cert\u003e\n    tls.key: \u003cbase64 encoded key\u003e\n  type: kubernetes.io/tls\n",
                "revision": 1,
                "values": "{\"controller\":{\"publishService\":{\"enabled\":true},\"service\":{\"externalTrafficPolicy\":\"Cluster\",\"type\":\"LoadBalancer\"}}}",
                "version": "4.11.3"
              }
            ],
            "name": "nginx-ingress",
            "namespace": "ingress-nginx",
            "pass_credentials": false,
            "postrender": [],
            "recreate_pods": false,
            "render_subchart_notes": true,
            "replace": false,
            "repository": "https://kubernetes.github.io/ingress-nginx",
            "repository_ca_file": null,
            "repository_cert_file": null,
            "repository_key_file": null,
            "repository_password": null,
            "repository_username": null,
            "reset_values": false,
            "reuse_values": false,
            "set": [
              {
                "name": "controller.publishService.enabled",
                "type": "",
                "value": "true"
              },
              {
                "name": "controller.service.externalTrafficPolicy",
                "type": "",
                "value": "Cluster"
              },
              {
                "name": "controller.service.type",
                "type": "",
                "value": "LoadBalancer"
              }
            ],
            "set_list": [],
            "set_sensitive": [],
            "skip_crds": false,
            "status": "deployed",
            "timeout": 300,
            "upgrade_install": null,
            "values": null,
            "verify": false,
            "version": "4.11.3",
            "wait": true,
            "wait_for_jobs": false
          },
          "sensitive_attributes": [
            [
              {
                "type": "get_attr",
                "value": "repository_password"
              }
            ]
          ],
          "private": "eyJzY2hlbWFfdmVyc2lvbiI6IjEifQ==",
          "dependencies": [
            "aws_eks_cluster.main",
            "aws_iam_instance_profile.karpenter_node_profile",
            "aws_iam_role.eks_cluster_role",
            "aws_iam_role.karpenter_controller_role",
            "aws_iam_role.karpenter_node_role",
            "data.aws_eks_cluster_auth.main",
            "data.aws_security_group.default",
            "data.aws_subnet.all",
            "data.aws_subnets.default",
            "data.aws_vpc.default",
            "helm_release.karpenter"
          ]
        }
      ]
    }
  ],
  "check_results": null
}
